
Microsoft Visual Studio Solution File, Format Version 12.00
# Visual Studio Version 17
VisualStudioVersion = 17.0.31903.59
MinimumVisualStudioVersion = 10.0.40219.1
Project("{9A19103F-16F7-4668-BE54-9A1E7A4F7556}") = "HumbleDialogBox", "HumbleDialogBox\HumbleDialogBox.csproj", "{EE4364E4-9266-4538-BFD3-33DFFDDD6A20}"
EndProject
Project("{9A19103F-16F7-4668-BE54-9A1E7A4F7556}") = "PassiveView", "PassiveView\PassiveView.csproj", "{5371E97F-59B0-4DE1-8FC6-25B3906CD72D}"
EndProject
Project("{9A19103F-16F7-4668-BE54-9A1E7A4F7556}") = "SupervisingController", "SupervisingController\SupervisingController.csproj", "{172B203F-F5A7-41F8-B7B9-17E859CFA7D4}"
EndProject
Project("{FAE04EC0-301F-11D3-BF4B-00C04F79EFBC}") = "PresentationModel", "PresentationModel\PresentationModel.csproj", "{D4222B5E-41C1-4B0B-BBF3-75AAEF248F3C}"
EndProject
Global
	GlobalSection(SolutionConfigurationPlatforms) = preSolution
		Debug|Any CPU = Debug|Any CPU
		Release|Any CPU = Release|Any CPU
	EndGlobalSection
	GlobalSection(ProjectConfigurationPlatforms) = postSolution
		{EE4364E4-9266-4538-BFD3-33DFFDDD6A20}.Debug|Any CPU.ActiveCfg = Debug|Any CPU
		{EE4364E4-9266-4538-BFD3-33DFFDDD6A20}.Debug|Any CPU.Build.0 = Debug|Any CPU
		{EE4364E4-9266-4538-BFD3-33DFFDDD6A20}.Release|Any CPU.ActiveCfg = Release|Any CPU
		{EE4364E4-9266-4538-BFD3-33DFFDDD6A20}.Release|Any CPU.Build.0 = Release|Any CPU
		{5371E97F-59B0-4DE1-8FC6-25B3906CD72D}.Debug|Any CPU.ActiveCfg = Debug|Any CPU
		{5371E97F-59B0-4DE1-8FC6-25B3906CD72D}.Debug|Any CPU.Build.0 = Debug|Any CPU
		{5371E97F-59B0-4DE1-8FC6-25B3906CD72D}.Release|Any CPU.ActiveCfg = Release|Any CPU
		{5371E97F-59B0-4DE1-8FC6-25B3906CD72D}.Release|Any CPU.Build.0 = Release|Any CPU
		{172B203F-F5A7-41F8-B7B9-17E859CFA7D4}.Debug|Any CPU.ActiveCfg = Debug|Any CPU
		{172B203F-F5A7-41F8-B7B9-17E859CFA7D4}.Debug|Any CPU.Build.0 = Debug|Any CPU
		{172B203F-F5A7-41F8-B7B9-17E859CFA7D4}.Release|Any CPU.ActiveCfg = Release|Any CPU
		{172B203F-F5A7-41F8-B7B9-17E859CFA7D4}.Release|Any CPU.Build.0 = Release|Any CPU
		{D4222B5E-41C1-4B0B-BBF3-75AAEF248F3C}.Debug|Any CPU.ActiveCfg = Debug|Any CPU
		{D4222B5E-41C1-4B0B-BBF3-75AAEF248F3C}.Debug|Any CPU.Build.0 = Debug|Any CPU
		{D4222B5E-41C1-4B0B-BBF3-75AAEF248F3C}.Release|Any CPU.ActiveCfg = Release|Any CPU
		{D4222B5E-41C1-4B0B-BBF3-75AAEF248F3C}.Release|Any CPU.Build.0 = Release|Any CPU
	EndGlobalSection
	GlobalSection(SolutionProperties) = preSolution
		HideSolutionNode = FALSE
	EndGlobalSection
	GlobalSection(ExtensibilityGlobals) = postSolution
		SolutionGuid = {4E271D02-9414-4320-86BC-0201AF81F1F3}
	EndGlobalSection
EndGlobal
